# This file is automatically @generated by Cargo.
# It is not intended for manual editing.
[[package]]
name = "auto_deploy"
version = "0.1.0"
source = "git+https://github.com/ecoble19/auto_deploy.git?branch=main#128c20d81ef4bd97fa22063cf3480132ff480902"
dependencies = [
 "string-builder",
]

[[package]]
name = "git_commit"
version = "0.1.0"
dependencies = [
 "auto_deploy",
]

[[package]]
name = "string-builder"
version = "0.2.0"
source = "registry+https://github.com/rust-lang/crates.io-index"
checksum = "2bd10a070fb1f2796a288abec42695db4682a82b6f12ffacd60fb8d5ad3a4a12"
